
Microsoft Visual Studio Solution File, Format Version 12.00
# Visual Studio 2015
Project("{FAE04EC0-301F-11D3-BF4B-00C04F79EFBC}") = "MarsPrototype.CSharp.Plugins", "MarsPrototype.CSharp.Plugins.csproj", "{1C027180-F14E-A843-AA0D-B3C4D00A47DA}"
EndProject
Project("{FAE04EC0-301F-11D3-BF4B-00C04F79EFBC}") = "MarsPrototype.CSharp", "MarsPrototype.CSharp.csproj", "{97551B73-145C-7805-98C6-302EA2A11763}"
EndProject
Project("{FAE04EC0-301F-11D3-BF4B-00C04F79EFBC}") = "MarsPrototype.CSharp.Editor", "MarsPrototype.CSharp.Editor.csproj", "{ED210948-B91F-7E2F-0B1B-5DEA30967218}"
EndProject
Global
	GlobalSection(SolutionConfigurationPlatforms) = preSolution
		Debug|Any CPU = Debug|Any CPU
		Release|Any CPU = Release|Any CPU
	EndGlobalSection
	GlobalSection(ProjectConfigurationPlatforms) = postSolution
		{1C027180-F14E-A843-AA0D-B3C4D00A47DA}.Debug|Any CPU.ActiveCfg = Debug|Any CPU
		{1C027180-F14E-A843-AA0D-B3C4D00A47DA}.Debug|Any CPU.Build.0 = Debug|Any CPU
		{1C027180-F14E-A843-AA0D-B3C4D00A47DA}.Release|Any CPU.ActiveCfg = Release|Any CPU
		{1C027180-F14E-A843-AA0D-B3C4D00A47DA}.Release|Any CPU.Build.0 = Release|Any CPU
		{97551B73-145C-7805-98C6-302EA2A11763}.Debug|Any CPU.ActiveCfg = Debug|Any CPU
		{97551B73-145C-7805-98C6-302EA2A11763}.Debug|Any CPU.Build.0 = Debug|Any CPU
		{97551B73-145C-7805-98C6-302EA2A11763}.Release|Any CPU.ActiveCfg = Release|Any CPU
		{97551B73-145C-7805-98C6-302EA2A11763}.Release|Any CPU.Build.0 = Release|Any CPU
		{ED210948-B91F-7E2F-0B1B-5DEA30967218}.Debug|Any CPU.ActiveCfg = Debug|Any CPU
		{ED210948-B91F-7E2F-0B1B-5DEA30967218}.Debug|Any CPU.Build.0 = Debug|Any CPU
		{ED210948-B91F-7E2F-0B1B-5DEA30967218}.Release|Any CPU.ActiveCfg = Release|Any CPU
		{ED210948-B91F-7E2F-0B1B-5DEA30967218}.Release|Any CPU.Build.0 = Release|Any CPU
	EndGlobalSection
	GlobalSection(SolutionProperties) = preSolution
		HideSolutionNode = FALSE
	EndGlobalSection
EndGlobal
