Microsoft Visual Studio Solution File, Format Version 11.00
# Visual Studio 2008

Project("{4E41CED6-8F32-BA5E-710D-FB8CFDBC86EB}") = "RoverSim", "Assembly-CSharp.csproj", "{684631AB-B18A-9B3F-1FBF-651EA5E10658}"
EndProject
Project("{4E41CED6-8F32-BA5E-710D-FB8CFDBC86EB}") = "RoverSim", "Assembly-CSharp-Editor.csproj", "{96419092-DD9F-E045-E036-4F7321A3E29F}"
EndProject
Global
	GlobalSection(SolutionConfigurationPlatforms) = preSolution
		Debug|Any CPU = Debug|Any CPU
		Release|Any CPU = Release|Any CPU
	EndGlobalSection
	GlobalSection(ProjectConfigurationPlatforms) = postSolution
		{684631AB-B18A-9B3F-1FBF-651EA5E10658}.Debug|Any CPU.ActiveCfg = Debug|Any CPU
		{684631AB-B18A-9B3F-1FBF-651EA5E10658}.Debug|Any CPU.Build.0 = Debug|Any CPU
		{684631AB-B18A-9B3F-1FBF-651EA5E10658}.Release|Any CPU.ActiveCfg = Release|Any CPU
		{684631AB-B18A-9B3F-1FBF-651EA5E10658}.Release|Any CPU.Build.0 = Release|Any CPU
		{96419092-DD9F-E045-E036-4F7321A3E29F}.Debug|Any CPU.ActiveCfg = Debug|Any CPU
		{96419092-DD9F-E045-E036-4F7321A3E29F}.Debug|Any CPU.Build.0 = Debug|Any CPU
		{96419092-DD9F-E045-E036-4F7321A3E29F}.Release|Any CPU.ActiveCfg = Release|Any CPU
		{96419092-DD9F-E045-E036-4F7321A3E29F}.Release|Any CPU.Build.0 = Release|Any CPU
	EndGlobalSection
	GlobalSection(SolutionProperties) = preSolution
		HideSolutionNode = FALSE
	EndGlobalSection
	GlobalSection(MonoDevelopProperties) = preSolution
		StartupItem = Assembly-CSharp.csproj
	EndGlobalSection
EndGlobal
